
Microsoft Visual Studio Solution File, Format Version 11.00
# Visual Studio 2010
Project("{FAE04EC0-301F-11D3-BF4B-00C04F79EFBC}") = "Uncas.NuGetServer", "src\Uncas.NuGetServer\Uncas.NuGetServer.csproj", "{091E4DE4-1214-4999-A039-F1F27165B28F}"
EndProject
Global
	GlobalSection(SolutionConfigurationPlatforms) = preSolution
		Debug|Any CPU = Debug|Any CPU
		Release|Any CPU = Release|Any CPU
	EndGlobalSection
	GlobalSection(ProjectConfigurationPlatforms) = postSolution
		{091E4DE4-1214-4999-A039-F1F27165B28F}.Debug|Any CPU.ActiveCfg = Debug|Any CPU
		{091E4DE4-1214-4999-A039-F1F27165B28F}.Debug|Any CPU.Build.0 = Debug|Any CPU
		{091E4DE4-1214-4999-A039-F1F27165B28F}.Release|Any CPU.ActiveCfg = Release|Any CPU
		{091E4DE4-1214-4999-A039-F1F27165B28F}.Release|Any CPU.Build.0 = Release|Any CPU
	EndGlobalSection
	GlobalSection(SolutionProperties) = preSolution
		HideSolutionNode = FALSE
	EndGlobalSection
EndGlobal
